{
  "name": "server",
  "version": "1.0.0",
  "lockfileVersion": 3,
  "requires": true,
  "packages": {
    "": {
      "name": "server",
      "version": "1.0.0",
      "license": "ISC",
      "dependencies": {
        "enet": "^0.2.9"
      }
    },
    "node_modules/enet": {
      "version": "0.2.9",
      "resolved": "https://registry.npmjs.org/enet/-/enet-0.2.9.tgz",
      "integrity": "sha512-V3qaPJEHY1Bl9F1nEY4thQV2fKkwS+I8Xpss4/91Hyi6JHagB7Ur6bROyVp4wqO74cPbF0ptgyyYh0L0Sky4Lw==",
      "license": "MIT"
    }
  }
}
